
Microsoft Visual Studio Solution File, Format Version 12.00
# Visual Studio Version 17
VisualStudioVersion = 17.0.31903.59
MinimumVisualStudioVersion = 10.0.40219.1
Project("{FAE04EC0-301F-11D3-BF4B-00C04F79EFBC}") = "application", "Api.Application\application.csproj", "{98FBE1BE-4ADC-4CF3-A4BE-681C5114C703}"
EndProject
Project("{FAE04EC0-301F-11D3-BF4B-00C04F79EFBC}") = "Domain", "Api.Domain\Domain.csproj", "{DA9FFB0B-94EA-4216-B7DD-1FDF78E85CE8}"
EndProject
Project("{FAE04EC0-301F-11D3-BF4B-00C04F79EFBC}") = "CrossCutting", "Api.CrossCutting\CrossCutting.csproj", "{75BDF1CD-9A55-48A9-8222-1DFF45F03FFC}"
EndProject
Project("{FAE04EC0-301F-11D3-BF4B-00C04F79EFBC}") = "Data", "Api.Data\Data.csproj", "{9ADBDF12-2A6E-460E-994B-180AA248F887}"
EndProject
Project("{FAE04EC0-301F-11D3-BF4B-00C04F79EFBC}") = "Service", "Api.Service\Service.csproj", "{1E290435-12ED-4CE8-A9FA-141A2BC7B130}"
EndProject
Global
	GlobalSection(SolutionConfigurationPlatforms) = preSolution
		Debug|Any CPU = Debug|Any CPU
		Release|Any CPU = Release|Any CPU
	EndGlobalSection
	GlobalSection(SolutionProperties) = preSolution
		HideSolutionNode = FALSE
	EndGlobalSection
	GlobalSection(ProjectConfigurationPlatforms) = postSolution
		{98FBE1BE-4ADC-4CF3-A4BE-681C5114C703}.Debug|Any CPU.ActiveCfg = Debug|Any CPU
		{98FBE1BE-4ADC-4CF3-A4BE-681C5114C703}.Debug|Any CPU.Build.0 = Debug|Any CPU
		{98FBE1BE-4ADC-4CF3-A4BE-681C5114C703}.Release|Any CPU.ActiveCfg = Release|Any CPU
		{98FBE1BE-4ADC-4CF3-A4BE-681C5114C703}.Release|Any CPU.Build.0 = Release|Any CPU
		{DA9FFB0B-94EA-4216-B7DD-1FDF78E85CE8}.Debug|Any CPU.ActiveCfg = Debug|Any CPU
		{DA9FFB0B-94EA-4216-B7DD-1FDF78E85CE8}.Debug|Any CPU.Build.0 = Debug|Any CPU
		{DA9FFB0B-94EA-4216-B7DD-1FDF78E85CE8}.Release|Any CPU.ActiveCfg = Release|Any CPU
		{DA9FFB0B-94EA-4216-B7DD-1FDF78E85CE8}.Release|Any CPU.Build.0 = Release|Any CPU
		{75BDF1CD-9A55-48A9-8222-1DFF45F03FFC}.Debug|Any CPU.ActiveCfg = Debug|Any CPU
		{75BDF1CD-9A55-48A9-8222-1DFF45F03FFC}.Debug|Any CPU.Build.0 = Debug|Any CPU
		{75BDF1CD-9A55-48A9-8222-1DFF45F03FFC}.Release|Any CPU.ActiveCfg = Release|Any CPU
		{75BDF1CD-9A55-48A9-8222-1DFF45F03FFC}.Release|Any CPU.Build.0 = Release|Any CPU
		{9ADBDF12-2A6E-460E-994B-180AA248F887}.Debug|Any CPU.ActiveCfg = Debug|Any CPU
		{9ADBDF12-2A6E-460E-994B-180AA248F887}.Debug|Any CPU.Build.0 = Debug|Any CPU
		{9ADBDF12-2A6E-460E-994B-180AA248F887}.Release|Any CPU.ActiveCfg = Release|Any CPU
		{9ADBDF12-2A6E-460E-994B-180AA248F887}.Release|Any CPU.Build.0 = Release|Any CPU
		{1E290435-12ED-4CE8-A9FA-141A2BC7B130}.Debug|Any CPU.ActiveCfg = Debug|Any CPU
		{1E290435-12ED-4CE8-A9FA-141A2BC7B130}.Debug|Any CPU.Build.0 = Debug|Any CPU
		{1E290435-12ED-4CE8-A9FA-141A2BC7B130}.Release|Any CPU.ActiveCfg = Release|Any CPU
		{1E290435-12ED-4CE8-A9FA-141A2BC7B130}.Release|Any CPU.Build.0 = Release|Any CPU
	EndGlobalSection
EndGlobal
